{
  "requires": true,
  "lockfileVersion": 1,
  "dependencies": {
    "qs": {
      "version": "6.7.0",
      "resolved": "http://rb-npm-registry.de.bosch.com/q/qs/_attachments/qs-6.7.0.tgz",
      "integrity": "sha512-VCdBRNFTX1fyE7Nb6FYoURo/SPe62QCaAyzJvUjwRaIsc+NePBEniHlvxFmmX56+HZphIGtV0XeCirBtpDrTyQ=="
    }
  }
}
